
Microsoft Visual Studio Solution File, Format Version 11.00
# Visual Studio 2010
Project("{FAE04EC0-301F-11D3-BF4B-00C04F79EFBC}") = "Plugin.PlatForm", "Plugin.PlatForm\Plugin.PlatForm.csproj", "{51D67B17-3115-4C47-8331-CA2FD4AA14CD}"
EndProject
Project("{FAE04EC0-301F-11D3-BF4B-00C04F79EFBC}") = "Plugin.Main", "Plugin.Main\Plugin.Main.csproj", "{7120FAB1-400E-478A-9B3C-55479BC82751}"
EndProject
Project("{FAE04EC0-301F-11D3-BF4B-00C04F79EFBC}") = "Plugin.UI.WPFTest", "Plugin.UI.WPFTest\Plugin.UI.WPFTest.csproj", "{8A7CAD9C-1E5C-41B2-8EE4-E7CC0D38D990}"
EndProject
Project("{FAE04EC0-301F-11D3-BF4B-00C04F79EFBC}") = "Plugin.BL.WPFBusiness", "Plugin.BL.WPFBusiness\Plugin.BL.WPFBusiness.csproj", "{EC67031E-2EFD-4DFB-A282-CAC5A2165FA3}"
EndProject
Project("{FAE04EC0-301F-11D3-BF4B-00C04F79EFBC}") = "Plugin.Framework", "Plugin.Framework\Plugin.Framework.csproj", "{63AF5273-EAF4-4173-9D63-A3D0B9815AA3}"
EndProject
Project("{FAE04EC0-301F-11D3-BF4B-00C04F79EFBC}") = "Plugin.PL.Interface", "Plugin.PL.Interface\Plugin.PL.Interface.csproj", "{15B4D5B0-F485-4A1D-9857-7AB50D0CCFDF}"
EndProject
Project("{FAE04EC0-301F-11D3-BF4B-00C04F79EFBC}") = "ERP.DataType", "ERP.DataType\ERP.DataType.csproj", "{8CCF3946-3FBD-44B8-892A-F9234E28BE48}"
EndProject
Project("{FAE04EC0-301F-11D3-BF4B-00C04F79EFBC}") = "ERP.DBService", "ERP.DBService\ERP.DBService.csproj", "{FD6358C4-4B5F-4092-96CF-93DCBD0C7EA2}"
EndProject
Project("{FAE04EC0-301F-11D3-BF4B-00C04F79EFBC}") = "ERP.BLService", "ERP.BLService\ERP.BLService.csproj", "{6EFFF620-6DC8-485B-AFFB-060B1FC89CDC}"
EndProject
Project("{FAE04EC0-301F-11D3-BF4B-00C04F79EFBC}") = "ERP.UI", "ERP.UI\ERP.UI.csproj", "{67B348FA-F296-4FCF-9152-01F779D62DD6}"
EndProject
Global
	GlobalSection(SolutionConfigurationPlatforms) = preSolution
		Debug|Any CPU = Debug|Any CPU
		Debug|Mixed Platforms = Debug|Mixed Platforms
		Debug|x86 = Debug|x86
		Release|Any CPU = Release|Any CPU
		Release|Mixed Platforms = Release|Mixed Platforms
		Release|x86 = Release|x86
	EndGlobalSection
	GlobalSection(ProjectConfigurationPlatforms) = postSolution
		{51D67B17-3115-4C47-8331-CA2FD4AA14CD}.Debug|Any CPU.ActiveCfg = Debug|Any CPU
		{51D67B17-3115-4C47-8331-CA2FD4AA14CD}.Debug|Any CPU.Build.0 = Debug|Any CPU
		{51D67B17-3115-4C47-8331-CA2FD4AA14CD}.Debug|Mixed Platforms.ActiveCfg = Debug|Any CPU
		{51D67B17-3115-4C47-8331-CA2FD4AA14CD}.Debug|Mixed Platforms.Build.0 = Debug|Any CPU
		{51D67B17-3115-4C47-8331-CA2FD4AA14CD}.Debug|x86.ActiveCfg = Debug|Any CPU
		{51D67B17-3115-4C47-8331-CA2FD4AA14CD}.Release|Any CPU.ActiveCfg = Release|Any CPU
		{51D67B17-3115-4C47-8331-CA2FD4AA14CD}.Release|Any CPU.Build.0 = Release|Any CPU
		{51D67B17-3115-4C47-8331-CA2FD4AA14CD}.Release|Mixed Platforms.ActiveCfg = Release|Any CPU
		{51D67B17-3115-4C47-8331-CA2FD4AA14CD}.Release|Mixed Platforms.Build.0 = Release|Any CPU
		{51D67B17-3115-4C47-8331-CA2FD4AA14CD}.Release|x86.ActiveCfg = Release|Any CPU
		{7120FAB1-400E-478A-9B3C-55479BC82751}.Debug|Any CPU.ActiveCfg = Debug|x86
		{7120FAB1-400E-478A-9B3C-55479BC82751}.Debug|Mixed Platforms.ActiveCfg = Debug|x86
		{7120FAB1-400E-478A-9B3C-55479BC82751}.Debug|Mixed Platforms.Build.0 = Debug|x86
		{7120FAB1-400E-478A-9B3C-55479BC82751}.Debug|x86.ActiveCfg = Debug|x86
		{7120FAB1-400E-478A-9B3C-55479BC82751}.Debug|x86.Build.0 = Debug|x86
		{7120FAB1-400E-478A-9B3C-55479BC82751}.Release|Any CPU.ActiveCfg = Release|x86
		{7120FAB1-400E-478A-9B3C-55479BC82751}.Release|Mixed Platforms.ActiveCfg = Release|x86
		{7120FAB1-400E-478A-9B3C-55479BC82751}.Release|Mixed Platforms.Build.0 = Release|x86
		{7120FAB1-400E-478A-9B3C-55479BC82751}.Release|x86.ActiveCfg = Release|x86
		{7120FAB1-400E-478A-9B3C-55479BC82751}.Release|x86.Build.0 = Release|x86
		{8A7CAD9C-1E5C-41B2-8EE4-E7CC0D38D990}.Debug|Any CPU.ActiveCfg = Debug|x86
		{8A7CAD9C-1E5C-41B2-8EE4-E7CC0D38D990}.Debug|Mixed Platforms.ActiveCfg = Debug|x86
		{8A7CAD9C-1E5C-41B2-8EE4-E7CC0D38D990}.Debug|Mixed Platforms.Build.0 = Debug|x86
		{8A7CAD9C-1E5C-41B2-8EE4-E7CC0D38D990}.Debug|x86.ActiveCfg = Debug|x86
		{8A7CAD9C-1E5C-41B2-8EE4-E7CC0D38D990}.Debug|x86.Build.0 = Debug|x86
		{8A7CAD9C-1E5C-41B2-8EE4-E7CC0D38D990}.Release|Any CPU.ActiveCfg = Release|x86
		{8A7CAD9C-1E5C-41B2-8EE4-E7CC0D38D990}.Release|Mixed Platforms.ActiveCfg = Release|x86
		{8A7CAD9C-1E5C-41B2-8EE4-E7CC0D38D990}.Release|Mixed Platforms.Build.0 = Release|x86
		{8A7CAD9C-1E5C-41B2-8EE4-E7CC0D38D990}.Release|x86.ActiveCfg = Release|x86
		{8A7CAD9C-1E5C-41B2-8EE4-E7CC0D38D990}.Release|x86.Build.0 = Release|x86
		{EC67031E-2EFD-4DFB-A282-CAC5A2165FA3}.Debug|Any CPU.ActiveCfg = Debug|Any CPU
		{EC67031E-2EFD-4DFB-A282-CAC5A2165FA3}.Debug|Any CPU.Build.0 = Debug|Any CPU
		{EC67031E-2EFD-4DFB-A282-CAC5A2165FA3}.Debug|Mixed Platforms.ActiveCfg = Debug|Any CPU
		{EC67031E-2EFD-4DFB-A282-CAC5A2165FA3}.Debug|Mixed Platforms.Build.0 = Debug|Any CPU
		{EC67031E-2EFD-4DFB-A282-CAC5A2165FA3}.Debug|x86.ActiveCfg = Debug|Any CPU
		{EC67031E-2EFD-4DFB-A282-CAC5A2165FA3}.Release|Any CPU.ActiveCfg = Release|Any CPU
		{EC67031E-2EFD-4DFB-A282-CAC5A2165FA3}.Release|Any CPU.Build.0 = Release|Any CPU
		{EC67031E-2EFD-4DFB-A282-CAC5A2165FA3}.Release|Mixed Platforms.ActiveCfg = Release|Any CPU
		{EC67031E-2EFD-4DFB-A282-CAC5A2165FA3}.Release|Mixed Platforms.Build.0 = Release|Any CPU
		{EC67031E-2EFD-4DFB-A282-CAC5A2165FA3}.Release|x86.ActiveCfg = Release|Any CPU
		{63AF5273-EAF4-4173-9D63-A3D0B9815AA3}.Debug|Any CPU.ActiveCfg = Debug|Any CPU
		{63AF5273-EAF4-4173-9D63-A3D0B9815AA3}.Debug|Any CPU.Build.0 = Debug|Any CPU
		{63AF5273-EAF4-4173-9D63-A3D0B9815AA3}.Debug|Mixed Platforms.ActiveCfg = Debug|Any CPU
		{63AF5273-EAF4-4173-9D63-A3D0B9815AA3}.Debug|Mixed Platforms.Build.0 = Debug|Any CPU
		{63AF5273-EAF4-4173-9D63-A3D0B9815AA3}.Debug|x86.ActiveCfg = Debug|Any CPU
		{63AF5273-EAF4-4173-9D63-A3D0B9815AA3}.Release|Any CPU.ActiveCfg = Release|Any CPU
		{63AF5273-EAF4-4173-9D63-A3D0B9815AA3}.Release|Any CPU.Build.0 = Release|Any CPU
		{63AF5273-EAF4-4173-9D63-A3D0B9815AA3}.Release|Mixed Platforms.ActiveCfg = Release|Any CPU
		{63AF5273-EAF4-4173-9D63-A3D0B9815AA3}.Release|Mixed Platforms.Build.0 = Release|Any CPU
		{63AF5273-EAF4-4173-9D63-A3D0B9815AA3}.Release|x86.ActiveCfg = Release|Any CPU
		{15B4D5B0-F485-4A1D-9857-7AB50D0CCFDF}.Debug|Any CPU.ActiveCfg = Debug|Any CPU
		{15B4D5B0-F485-4A1D-9857-7AB50D0CCFDF}.Debug|Any CPU.Build.0 = Debug|Any CPU
		{15B4D5B0-F485-4A1D-9857-7AB50D0CCFDF}.Debug|Mixed Platforms.ActiveCfg = Debug|Any CPU
		{15B4D5B0-F485-4A1D-9857-7AB50D0CCFDF}.Debug|Mixed Platforms.Build.0 = Debug|Any CPU
		{15B4D5B0-F485-4A1D-9857-7AB50D0CCFDF}.Debug|x86.ActiveCfg = Debug|Any CPU
		{15B4D5B0-F485-4A1D-9857-7AB50D0CCFDF}.Release|Any CPU.ActiveCfg = Release|Any CPU
		{15B4D5B0-F485-4A1D-9857-7AB50D0CCFDF}.Release|Any CPU.Build.0 = Release|Any CPU
		{15B4D5B0-F485-4A1D-9857-7AB50D0CCFDF}.Release|Mixed Platforms.ActiveCfg = Release|Any CPU
		{15B4D5B0-F485-4A1D-9857-7AB50D0CCFDF}.Release|Mixed Platforms.Build.0 = Release|Any CPU
		{15B4D5B0-F485-4A1D-9857-7AB50D0CCFDF}.Release|x86.ActiveCfg = Release|Any CPU
		{8CCF3946-3FBD-44B8-892A-F9234E28BE48}.Debug|Any CPU.ActiveCfg = Debug|Any CPU
		{8CCF3946-3FBD-44B8-892A-F9234E28BE48}.Debug|Any CPU.Build.0 = Debug|Any CPU
		{8CCF3946-3FBD-44B8-892A-F9234E28BE48}.Debug|Mixed Platforms.ActiveCfg = Debug|Any CPU
		{8CCF3946-3FBD-44B8-892A-F9234E28BE48}.Debug|Mixed Platforms.Build.0 = Debug|Any CPU
		{8CCF3946-3FBD-44B8-892A-F9234E28BE48}.Debug|x86.ActiveCfg = Debug|Any CPU
		{8CCF3946-3FBD-44B8-892A-F9234E28BE48}.Release|Any CPU.ActiveCfg = Release|Any CPU
		{8CCF3946-3FBD-44B8-892A-F9234E28BE48}.Release|Any CPU.Build.0 = Release|Any CPU
		{8CCF3946-3FBD-44B8-892A-F9234E28BE48}.Release|Mixed Platforms.ActiveCfg = Release|Any CPU
		{8CCF3946-3FBD-44B8-892A-F9234E28BE48}.Release|Mixed Platforms.Build.0 = Release|Any CPU
		{8CCF3946-3FBD-44B8-892A-F9234E28BE48}.Release|x86.ActiveCfg = Release|Any CPU
		{FD6358C4-4B5F-4092-96CF-93DCBD0C7EA2}.Debug|Any CPU.ActiveCfg = Debug|Any CPU
		{FD6358C4-4B5F-4092-96CF-93DCBD0C7EA2}.Debug|Any CPU.Build.0 = Debug|Any CPU
		{FD6358C4-4B5F-4092-96CF-93DCBD0C7EA2}.Debug|Mixed Platforms.ActiveCfg = Debug|Any CPU
		{FD6358C4-4B5F-4092-96CF-93DCBD0C7EA2}.Debug|Mixed Platforms.Build.0 = Debug|Any CPU
		{FD6358C4-4B5F-4092-96CF-93DCBD0C7EA2}.Debug|x86.ActiveCfg = Debug|Any CPU
		{FD6358C4-4B5F-4092-96CF-93DCBD0C7EA2}.Release|Any CPU.ActiveCfg = Release|Any CPU
		{FD6358C4-4B5F-4092-96CF-93DCBD0C7EA2}.Release|Any CPU.Build.0 = Release|Any CPU
		{FD6358C4-4B5F-4092-96CF-93DCBD0C7EA2}.Release|Mixed Platforms.ActiveCfg = Release|Any CPU
		{FD6358C4-4B5F-4092-96CF-93DCBD0C7EA2}.Release|Mixed Platforms.Build.0 = Release|Any CPU
		{FD6358C4-4B5F-4092-96CF-93DCBD0C7EA2}.Release|x86.ActiveCfg = Release|Any CPU
		{6EFFF620-6DC8-485B-AFFB-060B1FC89CDC}.Debug|Any CPU.ActiveCfg = Debug|Any CPU
		{6EFFF620-6DC8-485B-AFFB-060B1FC89CDC}.Debug|Any CPU.Build.0 = Debug|Any CPU
		{6EFFF620-6DC8-485B-AFFB-060B1FC89CDC}.Debug|Mixed Platforms.ActiveCfg = Debug|Any CPU
		{6EFFF620-6DC8-485B-AFFB-060B1FC89CDC}.Debug|Mixed Platforms.Build.0 = Debug|Any CPU
		{6EFFF620-6DC8-485B-AFFB-060B1FC89CDC}.Debug|x86.ActiveCfg = Debug|Any CPU
		{6EFFF620-6DC8-485B-AFFB-060B1FC89CDC}.Release|Any CPU.ActiveCfg = Release|Any CPU
		{6EFFF620-6DC8-485B-AFFB-060B1FC89CDC}.Release|Any CPU.Build.0 = Release|Any CPU
		{6EFFF620-6DC8-485B-AFFB-060B1FC89CDC}.Release|Mixed Platforms.ActiveCfg = Release|Any CPU
		{6EFFF620-6DC8-485B-AFFB-060B1FC89CDC}.Release|Mixed Platforms.Build.0 = Release|Any CPU
		{6EFFF620-6DC8-485B-AFFB-060B1FC89CDC}.Release|x86.ActiveCfg = Release|Any CPU
		{67B348FA-F296-4FCF-9152-01F779D62DD6}.Debug|Any CPU.ActiveCfg = Debug|x86
		{67B348FA-F296-4FCF-9152-01F779D62DD6}.Debug|Mixed Platforms.ActiveCfg = Debug|x86
		{67B348FA-F296-4FCF-9152-01F779D62DD6}.Debug|Mixed Platforms.Build.0 = Debug|x86
		{67B348FA-F296-4FCF-9152-01F779D62DD6}.Debug|x86.ActiveCfg = Debug|x86
		{67B348FA-F296-4FCF-9152-01F779D62DD6}.Debug|x86.Build.0 = Debug|x86
		{67B348FA-F296-4FCF-9152-01F779D62DD6}.Release|Any CPU.ActiveCfg = Release|x86
		{67B348FA-F296-4FCF-9152-01F779D62DD6}.Release|Mixed Platforms.ActiveCfg = Release|x86
		{67B348FA-F296-4FCF-9152-01F779D62DD6}.Release|Mixed Platforms.Build.0 = Release|x86
		{67B348FA-F296-4FCF-9152-01F779D62DD6}.Release|x86.ActiveCfg = Release|x86
		{67B348FA-F296-4FCF-9152-01F779D62DD6}.Release|x86.Build.0 = Release|x86
	EndGlobalSection
	GlobalSection(SolutionProperties) = preSolution
		HideSolutionNode = FALSE
	EndGlobalSection
EndGlobal
